
Microsoft Visual Studio Solution File, Format Version 12.00
# Visual Studio Version 17
VisualStudioVersion = 17.11.35312.102
MinimumVisualStudioVersion = 10.0.40219.1
Project("{8BC9CEB8-8B4A-11D0-8D11-00A0C91BC942}") = "lab 8.1 IT", "lab 8.1 IT.vcxproj", "{DE45F666-50EC-430A-BA46-3091809DC977}"
EndProject
Project("{8BC9CEB8-8B4A-11D0-8D11-00A0C91BC942}") = "UnitTest1", "UnitTest1\UnitTest1.vcxproj", "{E0A8862C-CB2D-49E3-8ED7-9AB3CC752474}"
EndProject
Global
	GlobalSection(SolutionConfigurationPlatforms) = preSolution
		Debug|x64 = Debug|x64
		Debug|x86 = Debug|x86
		Release|x64 = Release|x64
		Release|x86 = Release|x86
	EndGlobalSection
	GlobalSection(ProjectConfigurationPlatforms) = postSolution
		{DE45F666-50EC-430A-BA46-3091809DC977}.Debug|x64.ActiveCfg = Debug|x64
		{DE45F666-50EC-430A-BA46-3091809DC977}.Debug|x64.Build.0 = Debug|x64
		{DE45F666-50EC-430A-BA46-3091809DC977}.Debug|x86.ActiveCfg = Debug|Win32
		{DE45F666-50EC-430A-BA46-3091809DC977}.Debug|x86.Build.0 = Debug|Win32
		{DE45F666-50EC-430A-BA46-3091809DC977}.Release|x64.ActiveCfg = Release|x64
		{DE45F666-50EC-430A-BA46-3091809DC977}.Release|x64.Build.0 = Release|x64
		{DE45F666-50EC-430A-BA46-3091809DC977}.Release|x86.ActiveCfg = Release|Win32
		{DE45F666-50EC-430A-BA46-3091809DC977}.Release|x86.Build.0 = Release|Win32
		{E0A8862C-CB2D-49E3-8ED7-9AB3CC752474}.Debug|x64.ActiveCfg = Debug|x64
		{E0A8862C-CB2D-49E3-8ED7-9AB3CC752474}.Debug|x64.Build.0 = Debug|x64
		{E0A8862C-CB2D-49E3-8ED7-9AB3CC752474}.Debug|x86.ActiveCfg = Debug|Win32
		{E0A8862C-CB2D-49E3-8ED7-9AB3CC752474}.Debug|x86.Build.0 = Debug|Win32
		{E0A8862C-CB2D-49E3-8ED7-9AB3CC752474}.Release|x64.ActiveCfg = Release|x64
		{E0A8862C-CB2D-49E3-8ED7-9AB3CC752474}.Release|x64.Build.0 = Release|x64
		{E0A8862C-CB2D-49E3-8ED7-9AB3CC752474}.Release|x86.ActiveCfg = Release|Win32
		{E0A8862C-CB2D-49E3-8ED7-9AB3CC752474}.Release|x86.Build.0 = Release|Win32
	EndGlobalSection
	GlobalSection(SolutionProperties) = preSolution
		HideSolutionNode = FALSE
	EndGlobalSection
	GlobalSection(ExtensibilityGlobals) = postSolution
		SolutionGuid = {317482F4-C4AC-4466-BCCF-732A7B0484AE}
	EndGlobalSection
EndGlobal
